
Microsoft Visual Studio Solution File, Format Version 12.00
# Visual Studio Version 17
VisualStudioVersion = 17.4.33213.308
MinimumVisualStudioVersion = 10.0.40219.1
Project("{FAE04EC0-301F-11D3-BF4B-00C04F79EFBC}") = "GabeVilela.QRNotes.WPF", "GabeVilela.QRNotes.WPF\GabeVilela.QRNotes.WPF.csproj", "{0A8B9E35-C7F3-4B8D-9CDA-8C7D3190D886}"
EndProject
Global
	GlobalSection(SolutionConfigurationPlatforms) = preSolution
		Debug|Any CPU = Debug|Any CPU
		Release|Any CPU = Release|Any CPU
	EndGlobalSection
	GlobalSection(ProjectConfigurationPlatforms) = postSolution
		{0A8B9E35-C7F3-4B8D-9CDA-8C7D3190D886}.Debug|Any CPU.ActiveCfg = Debug|Any CPU
		{0A8B9E35-C7F3-4B8D-9CDA-8C7D3190D886}.Debug|Any CPU.Build.0 = Debug|Any CPU
		{0A8B9E35-C7F3-4B8D-9CDA-8C7D3190D886}.Release|Any CPU.ActiveCfg = Release|Any CPU
		{0A8B9E35-C7F3-4B8D-9CDA-8C7D3190D886}.Release|Any CPU.Build.0 = Release|Any CPU
	EndGlobalSection
	GlobalSection(SolutionProperties) = preSolution
		HideSolutionNode = FALSE
	EndGlobalSection
	GlobalSection(ExtensibilityGlobals) = postSolution
		SolutionGuid = {FF6172CA-D6EA-444D-AFF2-DC7F67EC18E7}
	EndGlobalSection
EndGlobal
